// !$*UTF8*$!
{
	archiveVersion = 1;
	classes = {
	};
	objectVersion = 51;
	objects = {

/* Begin PBXBuildFile section */
		0FAEA9049A7131BA5C9F1CF0 /* Pods_flixster_flixsterUITests.framework in Frameworks */ = {isa = PBXBuildFile; fileRef = ADD7E23808B9D499B2BB8E50 /* Pods_flixster_flixsterUITests.framework */; };
		868078CF5525644587B8B6E3 /* Pods_flixsterTests.framework in Frameworks */ = {isa = PBXBuildFile; fileRef = A0E5B4C3E49C9A1E49F3373A /* Pods_flixsterTests.framework */; };
		BC5F503C251EB68C00FAA100 /* AppDelegate.swift in Sources */ = {isa = PBXBuildFile; fileRef = BC5F503B251EB68C00FAA100 /* AppDelegate.swift */; };
		BC5F503E251EB68C00FAA100 /* SceneDelegate.swift in Sources */ = {isa = PBXBuildFile; fileRef = BC5F503D251EB68C00FAA100 /* SceneDelegate.swift */; };
		BC5F5043251EB68C00FAA100 /* Main.storyboard in Resources */ = {isa = PBXBuildFile; fileRef = BC5F5041251EB68C00FAA100 /* Main.storyboard */; };
		BC5F5045251EB68E00FAA100 /* Assets.xcassets in Resources */ = {isa = PBXBuildFile; fileRef = BC5F5044251EB68E00FAA100 /* Assets.xcassets */; };
		BC5F5048251EB68E00FAA100 /* LaunchScreen.storyboard in Resources */ = {isa = PBXBuildFile; fileRef = BC5F5046251EB68E00FAA100 /* LaunchScreen.storyboard */; };
		BC5F5053251EB68F00FAA100 /* flixsterTests.swift in Sources */ = {isa = PBXBuildFile; fileRef = BC5F5052251EB68F00FAA100 /* flixsterTests.swift */; };
		BC5F505E251EB68F00FAA100 /* flixsterUITests.swift in Sources */ = {isa = PBXBuildFile; fileRef = BC5F505D251EB68F00FAA100 /* flixsterUITests.swift */; };
		BC5F506C251EB6E700FAA100 /* MoviesViewController.swift in Sources */ = {isa = PBXBuildFile; fileRef = BC5F506B251EB6E700FAA100 /* MoviesViewController.swift */; };
		BC5F506E251EBECB00FAA100 /* MovieCell.swift in Sources */ = {isa = PBXBuildFile; fileRef = BC5F506D251EBECB00FAA100 /* MovieCell.swift */; };
		F9FD09FF927AB134E8785C70 /* Pods_flixster.framework in Frameworks */ = {isa = PBXBuildFile; fileRef = 82A0E998AA773C74FD90A833 /* Pods_flixster.framework */; };
/* End PBXBuildFile section */

/* Begin PBXContainerItemProxy section */
		BC5F504F251EB68F00FAA100 /* PBXContainerItemProxy */ = {
			isa = PBXContainerItemProxy;
			containerPortal = BC5F5030251EB68C00FAA100 /* Project object */;
			proxyType = 1;
			remoteGlobalIDString = BC5F5037251EB68C00FAA100;
			remoteInfo = flixster;
		};
		BC5F505A251EB68F00FAA100 /* PBXContainerItemProxy */ = {
			isa = PBXContainerItemProxy;
			containerPortal = BC5F5030251EB68C00FAA100 /* Project object */;
			proxyType = 1;
			remoteGlobalIDString = BC5F5037251EB68C00FAA100;
			remoteInfo = flixster;
		};
/* End PBXContainerItemProxy section */

/* Begin PBXFileReference section */
		2E4A58ACE07BE3ABA63B24CD /* Pods-flixsterTests.debug.xcconfig */ = {isa = PBXFileReference; includeInIndex = 1; lastKnownFileType = text.xcconfig; name = "Pods-flixsterTests.debug.xcconfig"; path = "Target Support Files/Pods-flixsterTests/Pods-flixsterTests.debug.xcconfig"; sourceTree = "<group>"; };
		4D8976F0B1B719EBC30AD95A /* Pods-flixster.release.xcconfig */ = {isa = PBXFileReference; includeInIndex = 1; lastKnownFileType = text.xcconfig; name = "Pods-flixster.release.xcconfig"; path = "Target Support Files/Pods-flixster/Pods-flixster.release.xcconfig"; sourceTree = "<group>"; };
		57BC187A1941ACCA67ACFA7F /* Pods-flixster-flixsterUITests.release.xcconfig */ = {isa = PBXFileReference; includeInIndex = 1; lastKnownFileType = text.xcconfig; name = "Pods-flixster-flixsterUITests.release.xcconfig"; path = "Target Support Files/Pods-flixster-flixsterUITests/Pods-flixster-flixsterUITests.release.xcconfig"; sourceTree = "<group>"; };
		7247074207ADFD65D4D536CD /* Pods-flixsterTests.release.xcconfig */ = {isa = PBXFileReference; includeInIndex = 1; lastKnownFileType = text.xcconfig; name = "Pods-flixsterTests.release.xcconfig"; path = "Target Support Files/Pods-flixsterTests/Pods-flixsterTests.release.xcconfig"; sourceTree = "<group>"; };
		82A0E998AA773C74FD90A833 /* Pods_flixster.framework */ = {isa = PBXFileReference; explicitFileType = wrapper.framework; includeInIndex = 0; path = Pods_flixster.framework; sourceTree = BUILT_PRODUCTS_DIR; };
		A0E5B4C3E49C9A1E49F3373A /* Pods_flixsterTests.framework */ = {isa = PBXFileReference; explicitFileType = wrapper.framework; includeInIndex = 0; path = Pods_flixsterTests.framework; sourceTree = BUILT_PRODUCTS_DIR; };
		ADD7E23808B9D499B2BB8E50 /* Pods_flixster_flixsterUITests.framework */ = {isa = PBXFileReference; explicitFileType = wrapper.framework; includeInIndex = 0; path = Pods_flixster_flixsterUITests.framework; sourceTree = BUILT_PRODUCTS_DIR; };
		BC5F5038251EB68C00FAA100 /* flixster.app */ = {isa = PBXFileReference; explicitFileType = wrapper.application; includeInIndex = 0; path = flixster.app; sourceTree = BUILT_PRODUCTS_DIR; };
		BC5F503B251EB68C00FAA100 /* AppDelegate.swift */ = {isa = PBXFileReference; lastKnownFileType = sourcecode.swift; path = AppDelegate.swift; sourceTree = "<group>"; };
		BC5F503D251EB68C00FAA100 /* SceneDelegate.swift */ = {isa = PBXFileReference; lastKnownFileType = sourcecode.swift; path = SceneDelegate.swift; sourceTree = "<group>"; };
		BC5F5042251EB68C00FAA100 /* Base */ = {isa = PBXFileReference; lastKnownFileType = file.storyboard; name = Base; path = Base.lproj/Main.storyboard; sourceTree = "<group>"; };
		BC5F5044251EB68E00FAA100 /* Assets.xcassets */ = {isa = PBXFileReference; lastKnownFileType = folder.assetcatalog; path = Assets.xcassets; sourceTree = "<group>"; };
		BC5F5047251EB68E00FAA100 /* Base */ = {isa = PBXFileReference; lastKnownFileType = file.storyboard; name = Base; path = Base.lproj/LaunchScreen.storyboard; sourceTree = "<group>"; };
		BC5F5049251EB68F00FAA100 /* Info.plist */ = {isa = PBXFileReference; lastKnownFileType = text.plist.xml; path = Info.plist; sourceTree = "<group>"; };
		BC5F504E251EB68F00FAA100 /* flixsterTests.xctest */ = {isa = PBXFileReference; explicitFileType = wrapper.cfbundle; includeInIndex = 0; path = flixsterTests.xctest; sourceTree = BUILT_PRODUCTS_DIR; };
		BC5F5052251EB68F00FAA100 /* flixsterTests.swift */ = {isa = PBXFileReference; lastKnownFileType = sourcecode.swift; path = flixsterTests.swift; sourceTree = "<group>"; };
		BC5F5054251EB68F00FAA100 /* Info.plist */ = {isa = PBXFileReference; lastKnownFileType = text.plist.xml; path = Info.plist; sourceTree = "<group>"; };
		BC5F5059251EB68F00FAA100 /* flixsterUITests.xctest */ = {isa = PBXFileReference; explicitFileType = wrapper.cfbundle; includeInIndex = 0; path = flixsterUITests.xctest; sourceTree = BUILT_PRODUCTS_DIR; };
		BC5F505D251EB68F00FAA100 /* flixsterUITests.swift */ = {isa = PBXFileReference; lastKnownFileType = sourcecode.swift; path = flixsterUITests.swift; sourceTree = "<group>"; };
		BC5F505F251EB68F00FAA100 /* Info.plist */ = {isa = PBXFileReference; lastKnownFileType = text.plist.xml; path = Info.plist; sourceTree = "<group>"; };
		BC5F506B251EB6E700FAA100 /* MoviesViewController.swift */ = {isa = PBXFileReference; lastKnownFileType = sourcecode.swift; path = MoviesViewController.swift; sourceTree = "<group>"; };
		BC5F506D251EBECB00FAA100 /* MovieCell.swift */ = {isa = PBXFileReference; lastKnownFileType = sourcecode.swift; path = MovieCell.swift; sourceTree = "<group>"; };
		D24C6B56B51A305981BF071D /* Pods-flixster-flixsterUITests.debug.xcconfig */ = {isa = PBXFileReference; includeInIndex = 1; lastKnownFileType = text.xcconfig; name = "Pods-flixster-flixsterUITests.debug.xcconfig"; path = "Target Support Files/Pods-flixster-flixsterUITests/Pods-flixster-flixsterUITests.debug.xcconfig"; sourceTree = "<group>"; };
		E78A4E274AB8509D12092B00 /* Pods-flixster.debug.xcconfig */ = {isa = PBXFileReference; includeInIndex = 1; lastKnownFileType = text.xcconfig; name = "Pods-flixster.debug.xcconfig"; path = "Target Support Files/Pods-flixster/Pods-flixster.debug.xcconfig"; sourceTree = "<group>"; };
/* End PBXFileReference section */

/* Begin PBXFrameworksBuildPhase section */
		BC5F5035251EB68C00FAA100 /* Frameworks */ = {
			isa = PBXFrameworksBuildPhase;
			buildActionMask = 2147483647;
			files = (
				F9FD09FF927AB134E8785C70 /* Pods_flixster.framework in Frameworks */,
			);
			runOnlyForDeploymentPostprocessing = 0;
		};
		BC5F504B251EB68F00FAA100 /* Frameworks */ = {
			isa = PBXFrameworksBuildPhase;
			buildActionMask = 2147483647;
			files = (
				868078CF5525644587B8B6E3 /* Pods_flixsterTests.framework in Frameworks */,
			);
			runOnlyForDeploymentPostprocessing = 0;
		};
		BC5F5056251EB68F00FAA100 /* Frameworks */ = {
			isa = PBXFrameworksBuildPhase;
			buildActionMask = 2147483647;
			files = (
				0FAEA9049A7131BA5C9F1CF0 /* Pods_flixster_flixsterUITests.framework in Frameworks */,
			);
			runOnlyForDeploymentPostprocessing = 0;
		};
/* End PBXFrameworksBuildPhase section */

/* Begin PBXGroup section */
		4AE09B0A0D89F28ED66CC003 /* Frameworks */ = {
			isa = PBXGroup;
			children = (
				82A0E998AA773C74FD90A833 /* Pods_flixster.framework */,
				ADD7E23808B9D499B2BB8E50 /* Pods_flixster_flixsterUITests.framework */,
				A0E5B4C3E49C9A1E49F3373A /* Pods_flixsterTests.framework */,
			);
			name = Frameworks;
			sourceTree = "<group>";
		};
		B24437936AE710DD2EC085CE /* Pods */ = {
			isa = PBXGroup;
			children = (
				E78A4E274AB8509D12092B00 /* Pods-flixster.debug.xcconfig */,
				4D8976F0B1B719EBC30AD95A /* Pods-flixster.release.xcconfig */,
				D24C6B56B51A305981BF071D /* Pods-flixster-flixsterUITests.debug.xcconfig */,
				57BC187A1941ACCA67ACFA7F /* Pods-flixster-flixsterUITests.release.xcconfig */,
				2E4A58ACE07BE3ABA63B24CD /* Pods-flixsterTests.debug.xcconfig */,
				7247074207ADFD65D4D536CD /* Pods-flixsterTests.release.xcconfig */,
			);
			path = Pods;
			sourceTree = "<group>";
		};
		BC5F502F251EB68C00FAA100 = {
			isa = PBXGroup;
			children = (
				BC5F503A251EB68C00FAA100 /* flixster */,
				BC5F5051251EB68F00FAA100 /* flixsterTests */,
				BC5F505C251EB68F00FAA100 /* flixsterUITests */,
				BC5F5039251EB68C00FAA100 /* Products */,
				B24437936AE710DD2EC085CE /* Pods */,
				4AE09B0A0D89F28ED66CC003 /* Frameworks */,
			);
			sourceTree = "<group>";
		};
		BC5F5039251EB68C00FAA100 /* Products */ = {
			isa = PBXGroup;
			children = (
				BC5F5038251EB68C00FAA100 /* flixster.app */,
				BC5F504E251EB68F00FAA100 /* flixsterTests.xctest */,
				BC5F5059251EB68F00FAA100 /* flixsterUITests.xctest */,
			);
			name = Products;
			sourceTree = "<group>";
		};
		BC5F503A251EB68C00FAA100 /* flixster */ = {
			isa = PBXGroup;
			children = (
				BC5F503B251EB68C00FAA100 /* AppDelegate.swift */,
				BC5F503D251EB68C00FAA100 /* SceneDelegate.swift */,
				BC5F5041251EB68C00FAA100 /* Main.storyboard */,
				BC5F5044251EB68E00FAA100 /* Assets.xcassets */,
				BC5F5046251EB68E00FAA100 /* LaunchScreen.storyboard */,
				BC5F5049251EB68F00FAA100 /* Info.plist */,
				BC5F506B251EB6E700FAA100 /* MoviesViewController.swift */,
				BC5F506D251EBECB00FAA100 /* MovieCell.swift */,
			);
			path = flixster;
			sourceTree = "<group>";
		};
		BC5F5051251EB68F00FAA100 /* flixsterTests */ = {
			isa = PBXGroup;
			children = (
				BC5F5052251EB68F00FAA100 /* flixsterTests.swift */,
				BC5F5054251EB68F00FAA100 /* Info.plist */,
			);
			path = flixsterTests;
			sourceTree = "<group>";
		};
		BC5F505C251EB68F00FAA100 /* flixsterUITests */ = {
			isa = PBXGroup;
			children = (
				BC5F505D251EB68F00FAA100 /* flixsterUITests.swift */,
				BC5F505F251EB68F00FAA100 /* Info.plist */,
			);
			path = flixsterUITests;
			sourceTree = "<group>";
		};
/* End PBXGroup section */

/* Begin PBXNativeTarget section */
		BC5F5037251EB68C00FAA100 /* flixster */ = {
			isa = PBXNativeTarget;
			buildConfigurationList = BC5F5062251EB68F00FAA100 /* Build configuration list for PBXNativeTarget "flixster" */;
			buildPhases = (
				FE3F975E34E0A9D32AA276FD /* [CP] Check Pods Manifest.lock */,
				BC5F5034251EB68C00FAA100 /* Sources */,
				BC5F5035251EB68C00FAA100 /* Frameworks */,
				BC5F5036251EB68C00FAA100 /* Resources */,
				C1D061562E6BE8F26C3F1C4C /* [CP] Embed Pods Frameworks */,
			);
			buildRules = (
			);
			dependencies = (
			);
			name = flixster;
			productName = flixster;
			productReference = BC5F5038251EB68C00FAA100 /* flixster.app */;
			productType = "com.apple.product-type.application";
		};
		BC5F504D251EB68F00FAA100 /* flixsterTests */ = {
			isa = PBXNativeTarget;
			buildConfigurationList = BC5F5065251EB68F00FAA100 /* Build configuration list for PBXNativeTarget "flixsterTests" */;
			buildPhases = (
				98DDDF4460AD473F73E99052 /* [CP] Check Pods Manifest.lock */,
				BC5F504A251EB68F00FAA100 /* Sources */,
				BC5F504B251EB68F00FAA100 /* Frameworks */,
				BC5F504C251EB68F00FAA100 /* Resources */,
			);
			buildRules = (
			);
			dependencies = (
				BC5F5050251EB68F00FAA100 /* PBXTargetDependency */,
			);
			name = flixsterTests;
			productName = flixsterTests;
			productReference = BC5F504E251EB68F00FAA100 /* flixsterTests.xctest */;
			productType = "com.apple.product-type.bundle.unit-test";
		};
		BC5F5058251EB68F00FAA100 /* flixsterUITests */ = {
			isa = PBXNativeTarget;
			buildConfigurationList = BC5F5068251EB68F00FAA100 /* Build configuration list for PBXNativeTarget "flixsterUITests" */;
			buildPhases = (
				7652CE10608106AB1A1EB667 /* [CP] Check Pods Manifest.lock */,
				BC5F5055251EB68F00FAA100 /* Sources */,
				BC5F5056251EB68F00FAA100 /* Frameworks */,
				BC5F5057251EB68F00FAA100 /* Resources */,
				B937F2CE9484DDA80A90379F /* [CP] Embed Pods Frameworks */,
			);
			buildRules = (
			);
			dependencies = (
				BC5F505B251EB68F00FAA100 /* PBXTargetDependency */,
			);
			name = flixsterUITests;
			productName = flixsterUITests;
			productReference = BC5F5059251EB68F00FAA100 /* flixsterUITests.xctest */;
			productType = "com.apple.product-type.bundle.ui-testing";
		};
/* End PBXNativeTarget section */

/* Begin PBXProject section */
		BC5F5030251EB68C00FAA100 /* Project object */ = {
			isa = PBXProject;
			attributes = {
				LastSwiftUpdateCheck = 1170;
				LastUpgradeCheck = 1170;
				ORGANIZATIONNAME = acaasi20;
				TargetAttributes = {
					BC5F5037251EB68C00FAA100 = {
						CreatedOnToolsVersion = 11.7;
					};
					BC5F504D251EB68F00FAA100 = {
						CreatedOnToolsVersion = 11.7;
						TestTargetID = BC5F5037251EB68C00FAA100;
					};
					BC5F5058251EB68F00FAA100 = {
						CreatedOnToolsVersion = 11.7;
						TestTargetID = BC5F5037251EB68C00FAA100;
					};
				};
			};
			buildConfigurationList = BC5F5033251EB68C00FAA100 /* Build configuration list for PBXProject "flixster" */;
			compatibilityVersion = "Xcode 9.3";
			developmentRegion = en;
			hasScannedForEncodings = 0;
			knownRegions = (
				en,
				Base,
			);
			mainGroup = BC5F502F251EB68C00FAA100;
			productRefGroup = BC5F5039251EB68C00FAA100 /* Products */;
			projectDirPath = "";
			projectRoot = "";
			targets = (
				BC5F5037251EB68C00FAA100 /* flixster */,
				BC5F504D251EB68F00FAA100 /* flixsterTests */,
				BC5F5058251EB68F00FAA100 /* flixsterUITests */,
			);
		};
/* End PBXProject section */

/* Begin PBXResourcesBuildPhase section */
		BC5F5036251EB68C00FAA100 /* Resources */ = {
			isa = PBXResourcesBuildPhase;
			buildActionMask = 2147483647;
			files = (
				BC5F5048251EB68E00FAA100 /* LaunchScreen.storyboard in Resources */,
				BC5F5045251EB68E00FAA100 /* Assets.xcassets in Resources */,
				BC5F5043251EB68C00FAA100 /* Main.storyboard in Resources */,
			);
			runOnlyForDeploymentPostprocessing = 0;
		};
		BC5F504C251EB68F00FAA100 /* Resources */ = {
			isa = PBXResourcesBuildPhase;
			buildActionMask = 2147483647;
			files = (
			);
			runOnlyForDeploymentPostprocessing = 0;
		};
		BC5F5057251EB68F00FAA100 /* Resources */ = {
			isa = PBXResourcesBuildPhase;
			buildActionMask = 2147483647;
			files = (
			);
			runOnlyForDeploymentPostprocessing = 0;
		};
/* End PBXResourcesBuildPhase section */

/* Begin PBXShellScriptBuildPhase section */
		7652CE10608106AB1A1EB667 /* [CP] Check Pods Manifest.lock */ = {
			isa = PBXShellScriptBuildPhase;
			buildActionMask = 2147483647;
			files = (
			);
			inputFileListPaths = (
			);
			inputPaths = (
				"${PODS_PODFILE_DIR_PATH}/Podfile.lock",
				"${PODS_ROOT}/Manifest.lock",
			);
			name = "[CP] Check Pods Manifest.lock";
			outputFileListPaths = (
			);
			outputPaths = (
				"$(DERIVED_FILE_DIR)/Pods-flixster-flixsterUITests-checkManifestLockResult.txt",
			);
			runOnlyForDeploymentPostprocessing = 0;
			shellPath = /bin/sh;
			shellScript = "diff \"${PODS_PODFILE_DIR_PATH}/Podfile.lock\" \"${PODS_ROOT}/Manifest.lock\" > /dev/null\nif [ $? != 0 ] ; then\n    # print error to STDERR\n    echo \"error: The sandbox is not in sync with the Podfile.lock. Run 'pod install' or update your CocoaPods installation.\" >&2\n    exit 1\nfi\n# This output is used by Xcode 'outputs' to avoid re-running this script phase.\necho \"SUCCESS\" > \"${SCRIPT_OUTPUT_FILE_0}\"\n";
			showEnvVarsInLog = 0;
		};
		98DDDF4460AD473F73E99052 /* [CP] Check Pods Manifest.lock */ = {
			isa = PBXShellScriptBuildPhase;
			buildActionMask = 2147483647;
			files = (
			);
			inputFileListPaths = (
			);
			inputPaths = (
				"${PODS_PODFILE_DIR_PATH}/Podfile.lock",
				"${PODS_ROOT}/Manifest.lock",
			);
			name = "[CP] Check Pods Manifest.lock";
			outputFileListPaths = (
			);
			outputPaths = (
				"$(DERIVED_FILE_DIR)/Pods-flixsterTests-checkManifestLockResult.txt",
			);
			runOnlyForDeploymentPostprocessing = 0;
			shellPath = /bin/sh;
			shellScript = "diff \"${PODS_PODFILE_DIR_PATH}/Podfile.lock\" \"${PODS_ROOT}/Manifest.lock\" > /dev/null\nif [ $? != 0 ] ; then\n    # print error to STDERR\n    echo \"error: The sandbox is not in sync with the Podfile.lock. Run 'pod install' or update your CocoaPods installation.\" >&2\n    exit 1\nfi\n# This output is used by Xcode 'outputs' to avoid re-running this script phase.\necho \"SUCCESS\" > \"${SCRIPT_OUTPUT_FILE_0}\"\n";
			showEnvVarsInLog = 0;
		};
		B937F2CE9484DDA80A90379F /* [CP] Embed Pods Frameworks */ = {
			isa = PBXShellScriptBuildPhase;
			buildActionMask = 2147483647;
			files = (
			);
			inputFileListPaths = (
				"${PODS_ROOT}/Target Support Files/Pods-flixster-flixsterUITests/Pods-flixster-flixsterUITests-frameworks-${CONFIGURATION}-input-files.xcfilelist",
			);
			name = "[CP] Embed Pods Frameworks";
			outputFileListPaths = (
				"${PODS_ROOT}/Target Support Files/Pods-flixster-flixsterUITests/Pods-flixster-flixsterUITests-frameworks-${CONFIGURATION}-output-files.xcfilelist",
			);
			runOnlyForDeploymentPostprocessing = 0;
			shellPath = /bin/sh;
			shellScript = "\"${PODS_ROOT}/Target Support Files/Pods-flixster-flixsterUITests/Pods-flixster-flixsterUITests-frameworks.sh\"\n";
			showEnvVarsInLog = 0;
		};
		C1D061562E6BE8F26C3F1C4C /* [CP] Embed Pods Frameworks */ = {
			isa = PBXShellScriptBuildPhase;
			buildActionMask = 2147483647;
			files = (
			);
			inputFileListPaths = (
				"${PODS_ROOT}/Target Support Files/Pods-flixster/Pods-flixster-frameworks-${CONFIGURATION}-input-files.xcfilelist",
			);
			name = "[CP] Embed Pods Frameworks";
			outputFileListPaths = (
				"${PODS_ROOT}/Target Support Files/Pods-flixster/Pods-flixster-frameworks-${CONFIGURATION}-output-files.xcfilelist",
			);
			runOnlyForDeploymentPostprocessing = 0;
			shellPath = /bin/sh;
			shellScript = "\"${PODS_ROOT}/Target Support Files/Pods-flixster/Pods-flixster-frameworks.sh\"\n";
			showEnvVarsInLog = 0;
		};
		FE3F975E34E0A9D32AA276FD /* [CP] Check Pods Manifest.lock */ = {
			isa = PBXShellScriptBuildPhase;
			buildActionMask = 2147483647;
			files = (
			);
			inputFileListPaths = (
			);
			inputPaths = (
				"${PODS_PODFILE_DIR_PATH}/Podfile.lock",
				"${PODS_ROOT}/Manifest.lock",
			);
			name = "[CP] Check Pods Manifest.lock";
			outputFileListPaths = (
			);
			outputPaths = (
				"$(DERIVED_FILE_DIR)/Pods-flixster-checkManifestLockResult.txt",
			);
			runOnlyForDeploymentPostprocessing = 0;
			shellPath = /bin/sh;
			shellScript = "diff \"${PODS_PODFILE_DIR_PATH}/Podfile.lock\" \"${PODS_ROOT}/Manifest.lock\" > /dev/null\nif [ $? != 0 ] ; then\n    # print error to STDERR\n    echo \"error: The sandbox is not in sync with the Podfile.lock. Run 'pod install' or update your CocoaPods installation.\" >&2\n    exit 1\nfi\n# This output is used by Xcode 'outputs' to avoid re-running this script phase.\necho \"SUCCESS\" > \"${SCRIPT_OUTPUT_FILE_0}\"\n";
			showEnvVarsInLog = 0;
		};
/* End PBXShellScriptBuildPhase section */

/* Begin PBXSourcesBuildPhase section */
		BC5F5034251EB68C00FAA100 /* Sources */ = {
			isa = PBXSourcesBuildPhase;
			buildActionMask = 2147483647;
			files = (
				BC5F503C251EB68C00FAA100 /* AppDelegate.swift in Sources */,
				BC5F503E251EB68C00FAA100 /* SceneDelegate.swift in Sources */,
				BC5F506E251EBECB00FAA100 /* MovieCell.swift in Sources */,
				BC5F506C251EB6E700FAA100 /* MoviesViewController.swift in Sources */,
			);
			runOnlyForDeploymentPostprocessing = 0;
		};
		BC5F504A251EB68F00FAA100 /* Sources */ = {
			isa = PBXSourcesBuildPhase;
			buildActionMask = 2147483647;
			files = (
				BC5F5053251EB68F00FAA100 /* flixsterTests.swift in Sources */,
			);
			runOnlyForDeploymentPostprocessing = 0;
		};
		BC5F5055251EB68F00FAA100 /* Sources */ = {
			isa = PBXSourcesBuildPhase;
			buildActionMask = 2147483647;
			files = (
				BC5F505E251EB68F00FAA100 /* flixsterUITests.swift in Sources */,
			);
			runOnlyForDeploymentPostprocessing = 0;
		};
/* End PBXSourcesBuildPhase section */

/* Begin PBXTargetDependency section */
		BC5F5050251EB68F00FAA100 /* PBXTargetDependency */ = {
			isa = PBXTargetDependency;
			target = BC5F5037251EB68C00FAA100 /* flixster */;
			targetProxy = BC5F504F251EB68F00FAA100 /* PBXContainerItemProxy */;
		};
		BC5F505B251EB68F00FAA100 /* PBXTargetDependency */ = {
			isa = PBXTargetDependency;
			target = BC5F5037251EB68C00FAA100 /* flixster */;
			targetProxy = BC5F505A251EB68F00FAA100 /* PBXContainerItemProxy */;
		};
/* End PBXTargetDependency section */

/* Begin PBXVariantGroup section */
		BC5F5041251EB68C00FAA100 /* Main.storyboard */ = {
			isa = PBXVariantGroup;
			children = (
				BC5F5042251EB68C00FAA100 /* Base */,
			);
			name = Main.storyboard;
			sourceTree = "<group>";
		};
		BC5F5046251EB68E00FAA100 /* LaunchScreen.storyboard */ = {
			isa = PBXVariantGroup;
			children = (
				BC5F5047251EB68E00FAA100 /* Base */,
			);
			name = LaunchScreen.storyboard;
			sourceTree = "<group>";
		};
/* End PBXVariantGroup section */

/* Begin XCBuildConfiguration section */
		BC5F5060251EB68F00FAA100 /* Debug */ = {
			isa = XCBuildConfiguration;
			buildSettings = {
				ALWAYS_SEARCH_USER_PATHS = NO;
				CLANG_ANALYZER_NONNULL = YES;
				CLANG_ANALYZER_NUMBER_OBJECT_CONVERSION = YES_AGGRESSIVE;
				CLANG_CXX_LANGUAGE_STANDARD = "gnu++14";
				CLANG_CXX_LIBRARY = "libc++";
				CLANG_ENABLE_MODULES = YES;
				CLANG_ENABLE_OBJC_ARC = YES;
				CLANG_ENABLE_OBJC_WEAK = YES;
				CLANG_WARN_BLOCK_CAPTURE_AUTORELEASING = YES;
				CLANG_WARN_BOOL_CONVERSION = YES;
				CLANG_WARN_COMMA = YES;
				CLANG_WARN_CONSTANT_CONVERSION = YES;
				CLANG_WARN_DEPRECATED_OBJC_IMPLEMENTATIONS = YES;
				CLANG_WARN_DIRECT_OBJC_ISA_USAGE = YES_ERROR;
				CLANG_WARN_DOCUMENTATION_COMMENTS = YES;
				CLANG_WARN_EMPTY_BODY = YES;
				CLANG_WARN_ENUM_CONVERSION = YES;
				CLANG_WARN_INFINITE_RECURSION = YES;
				CLANG_WARN_INT_CONVERSION = YES;
				CLANG_WARN_NON_LITERAL_NULL_CONVERSION = YES;
				CLANG_WARN_OBJC_IMPLICIT_RETAIN_SELF = YES;
				CLANG_WARN_OBJC_LITERAL_CONVERSION = YES;
				CLANG_WARN_OBJC_ROOT_CLASS = YES_ERROR;
				CLANG_WARN_RANGE_LOOP_ANALYSIS = YES;
				CLANG_WARN_STRICT_PROTOTYPES = YES;
				CLANG_WARN_SUSPICIOUS_MOVE = YES;
				CLANG_WARN_UNGUARDED_AVAILABILITY = YES_AGGRESSIVE;
				CLANG_WARN_UNREACHABLE_CODE = YES;
				CLANG_WARN__DUPLICATE_METHOD_MATCH = YES;
				COPY_PHASE_STRIP = NO;
				DEBUG_INFORMATION_FORMAT = dwarf;
				ENABLE_STRICT_OBJC_MSGSEND = YES;
				ENABLE_TESTABILITY = YES;
				GCC_C_LANGUAGE_STANDARD = gnu11;
				GCC_DYNAMIC_NO_PIC = NO;
				GCC_NO_COMMON_BLOCKS = YES;
				GCC_OPTIMIZATION_LEVEL = 0;
				GCC_PREPROCESSOR_DEFINITIONS = (
					"DEBUG=1",
					"$(inherited)",
				);
				GCC_WARN_64_TO_32_BIT_CONVERSION = YES;
				GCC_WARN_ABOUT_RETURN_TYPE = YES_ERROR;
				GCC_WARN_UNDECLARED_SELECTOR = YES;
				GCC_WARN_UNINITIALIZED_AUTOS = YES_AGGRESSIVE;
				GCC_WARN_UNUSED_FUNCTION = YES;
				GCC_WARN_UNUSED_VARIABLE = YES;
				IPHONEOS_DEPLOYMENT_TARGET = 13.7;
				MTL_ENABLE_DEBUG_INFO = INCLUDE_SOURCE;
				MTL_FAST_MATH = YES;
				ONLY_ACTIVE_ARCH = YES;
				SDKROOT = iphoneos;
				SWIFT_ACTIVE_COMPILATION_CONDITIONS = DEBUG;
				SWIFT_OPTIMIZATION_LEVEL = "-Onone";
			};
			name = Debug;
		};
		BC5F5061251EB68F00FAA100 /* Release */ = {
			isa = XCBuildConfiguration;
			buildSettings = {
				ALWAYS_SEARCH_USER_PATHS = NO;
				CLANG_ANALYZER_NONNULL = YES;
				CLANG_ANALYZER_NUMBER_OBJECT_CONVERSION = YES_AGGRESSIVE;
				CLANG_CXX_LANGUAGE_STANDARD = "gnu++14";
				CLANG_CXX_LIBRARY = "libc++";
				CLANG_ENABLE_MODULES = YES;
				CLANG_ENABLE_OBJC_ARC = YES;
				CLANG_ENABLE_OBJC_WEAK = YES;
				CLANG_WARN_BLOCK_CAPTURE_AUTORELEASING = YES;
				CLANG_WARN_BOOL_CONVERSION = YES;
				CLANG_WARN_COMMA = YES;
				CLANG_WARN_CONSTANT_CONVERSION = YES;
				CLANG_WARN_DEPRECATED_OBJC_IMPLEMENTATIONS = YES;
				CLANG_WARN_DIRECT_OBJC_ISA_USAGE = YES_ERROR;
				CLANG_WARN_DOCUMENTATION_COMMENTS = YES;
				CLANG_WARN_EMPTY_BODY = YES;
				CLANG_WARN_ENUM_CONVERSION = YES;
				CLANG_WARN_INFINITE_RECURSION = YES;
				CLANG_WARN_INT_CONVERSION = YES;
				CLANG_WARN_NON_LITERAL_NULL_CONVERSION = YES;
				CLANG_WARN_OBJC_IMPLICIT_RETAIN_SELF = YES;
				CLANG_WARN_OBJC_LITERAL_CONVERSION = YES;
				CLANG_WARN_OBJC_ROOT_CLASS = YES_ERROR;
				CLANG_WARN_RANGE_LOOP_ANALYSIS = YES;
				CLANG_WARN_STRICT_PROTOTYPES = YES;
				CLANG_WARN_SUSPICIOUS_MOVE = YES;
				CLANG_WARN_UNGUARDED_AVAILABILITY = YES_AGGRESSIVE;
				CLANG_WARN_UNREACHABLE_CODE = YES;
				CLANG_WARN__DUPLICATE_METHOD_MATCH = YES;
				COPY_PHASE_STRIP = NO;
				DEBUG_INFORMATION_FORMAT = "dwarf-with-dsym";
				ENABLE_NS_ASSERTIONS = NO;
				ENABLE_STRICT_OBJC_MSGSEND = YES;
				GCC_C_LANGUAGE_STANDARD = gnu11;
				GCC_NO_COMMON_BLOCKS = YES;
				GCC_WARN_64_TO_32_BIT_CONVERSION = YES;
				GCC_WARN_ABOUT_RETURN_TYPE = YES_ERROR;
				GCC_WARN_UNDECLARED_SELECTOR = YES;
				GCC_WARN_UNINITIALIZED_AUTOS = YES_AGGRESSIVE;
				GCC_WARN_UNUSED_FUNCTION = YES;
				GCC_WARN_UNUSED_VARIABLE = YES;
				IPHONEOS_DEPLOYMENT_TARGET = 13.7;
				MTL_ENABLE_DEBUG_INFO = NO;
				MTL_FAST_MATH = YES;
				SDKROOT = iphoneos;
				SWIFT_COMPILATION_MODE = wholemodule;
				SWIFT_OPTIMIZATION_LEVEL = "-O";
				VALIDATE_PRODUCT = YES;
			};
			name = Release;
		};
		BC5F5063251EB68F00FAA100 /* Debug */ = {
			isa = XCBuildConfiguration;
			baseConfigurationReference = E78A4E274AB8509D12092B00 /* Pods-flixster.debug.xcconfig */;
			buildSettings = {
				ASSETCATALOG_COMPILER_APPICON_NAME = AppIcon;
				CODE_SIGN_STYLE = Automatic;
				DEVELOPMENT_TEAM = "";
				INFOPLIST_FILE = flixster/Info.plist;
				LD_RUNPATH_SEARCH_PATHS = (
					"$(inherited)",
					"@executable_path/Frameworks",
				);
				PRODUCT_BUNDLE_IDENTIFIER = com.codepath.flixster;
				PRODUCT_NAME = "$(TARGET_NAME)";
				SWIFT_VERSION = 5.0;
				TARGETED_DEVICE_FAMILY = "1,2";
			};
			name = Debug;
		};
		BC5F5064251EB68F00FAA100 /* Release */ = {
			isa = XCBuildConfiguration;
			baseConfigurationReference = 4D8976F0B1B719EBC30AD95A /* Pods-flixster.release.xcconfig */;
			buildSettings = {
				ASSETCATALOG_COMPILER_APPICON_NAME = AppIcon;
				CODE_SIGN_STYLE = Automatic;
				DEVELOPMENT_TEAM = "";
				INFOPLIST_FILE = flixster/Info.plist;
				LD_RUNPATH_SEARCH_PATHS = (
					"$(inherited)",
					"@executable_path/Frameworks",
				);
				PRODUCT_BUNDLE_IDENTIFIER = com.codepath.flixster;
				PRODUCT_NAME = "$(TARGET_NAME)";
				SWIFT_VERSION = 5.0;
				TARGETED_DEVICE_FAMILY = "1,2";
			};
			name = Release;
		};
		BC5F5066251EB68F00FAA100 /* Debug */ = {
			isa = XCBuildConfiguration;
			baseConfigurationReference = 2E4A58ACE07BE3ABA63B24CD /* Pods-flixsterTests.debug.xcconfig */;
			buildSettings = {
				ALWAYS_EMBED_SWIFT_STANDARD_LIBRARIES = YES;
				BUNDLE_LOADER = "$(TEST_HOST)";
				CODE_SIGN_STYLE = Automatic;
				INFOPLIST_FILE = flixsterTests/Info.plist;
				IPHONEOS_DEPLOYMENT_TARGET = 13.7;
				LD_RUNPATH_SEARCH_PATHS = (
					"$(inherited)",
					"@executable_path/Frameworks",
					"@loader_path/Frameworks",
				);
				PRODUCT_BUNDLE_IDENTIFIER = com.codepath.flixsterTests;
				PRODUCT_NAME = "$(TARGET_NAME)";
				SWIFT_VERSION = 5.0;
				TARGETED_DEVICE_FAMILY = "1,2";
				TEST_HOST = "$(BUILT_PRODUCTS_DIR)/flixster.app/flixster";
			};
			name = Debug;
		};
		BC5F5067251EB68F00FAA100 /* Release */ = {
			isa = XCBuildConfiguration;
			baseConfigurationReference = 7247074207ADFD65D4D536CD /* Pods-flixsterTests.release.xcconfig */;
			buildSettings = {
				ALWAYS_EMBED_SWIFT_STANDARD_LIBRARIES = YES;
				BUNDLE_LOADER = "$(TEST_HOST)";
				CODE_SIGN_STYLE = Automatic;
				INFOPLIST_FILE = flixsterTests/Info.plist;
				IPHONEOS_DEPLOYMENT_TARGET = 13.7;
				LD_RUNPATH_SEARCH_PATHS = (
					"$(inherited)",
					"@executable_path/Frameworks",
					"@loader_path/Frameworks",
				);
				PRODUCT_BUNDLE_IDENTIFIER = com.codepath.flixsterTests;
				PRODUCT_NAME = "$(TARGET_NAME)";
				SWIFT_VERSION = 5.0;
				TARGETED_DEVICE_FAMILY = "1,2";
				TEST_HOST = "$(BUILT_PRODUCTS_DIR)/flixster.app/flixster";
			};
			name = Release;
		};
		BC5F5069251EB68F00FAA100 /* Debug */ = {
			isa = XCBuildConfiguration;
			baseConfigurationReference = D24C6B56B51A305981BF071D /* Pods-flixster-flixsterUITests.debug.xcconfig */;
			buildSettings = {
				ALWAYS_EMBED_SWIFT_STANDARD_LIBRARIES = YES;
				CODE_SIGN_STYLE = Automatic;
				INFOPLIST_FILE = flixsterUITests/Info.plist;
				LD_RUNPATH_SEARCH_PATHS = (
					"$(inherited)",
					"@executable_path/Frameworks",
					"@loader_path/Frameworks",
				);
				PRODUCT_BUNDLE_IDENTIFIER = com.codepath.flixsterUITests;
				PRODUCT_NAME = "$(TARGET_NAME)";
				SWIFT_VERSION = 5.0;
				TARGETED_DEVICE_FAMILY = "1,2";
				TEST_TARGET_NAME = flixster;
			};
			name = Debug;
		};
		BC5F506A251EB68F00FAA100 /* Release */ = {
			isa = XCBuildConfiguration;
			baseConfigurationReference = 57BC187A1941ACCA67ACFA7F /* Pods-flixster-flixsterUITests.release.xcconfig */;
			buildSettings = {
				ALWAYS_EMBED_SWIFT_STANDARD_LIBRARIES = YES;
				CODE_SIGN_STYLE = Automatic;
				INFOPLIST_FILE = flixsterUITests/Info.plist;
				LD_RUNPATH_SEARCH_PATHS = (
					"$(inherited)",
					"@executable_path/Frameworks",
					"@loader_path/Frameworks",
				);
				PRODUCT_BUNDLE_IDENTIFIER = com.codepath.flixsterUITests;
				PRODUCT_NAME = "$(TARGET_NAME)";
				SWIFT_VERSION = 5.0;
				TARGETED_DEVICE_FAMILY = "1,2";
				TEST_TARGET_NAME = flixster;
			};
			name = Release;
		};
/* End XCBuildConfiguration section */

/* Begin XCConfigurationList section */
		BC5F5033251EB68C00FAA100 /* Build configuration list for PBXProject "flixster" */ = {
			isa = XCConfigurationList;
			buildConfigurations = (
				BC5F5060251EB68F00FAA100 /* Debug */,
				BC5F5061251EB68F00FAA100 /* Release */,
			);
			defaultConfigurationIsVisible = 0;
			defaultConfigurationName = Release;
		};
		BC5F5062251EB68F00FAA100 /* Build configuration list for PBXNativeTarget "flixster" */ = {
			isa = XCConfigurationList;
			buildConfigurations = (
				BC5F5063251EB68F00FAA100 /* Debug */,
				BC5F5064251EB68F00FAA100 /* Release */,
			);
			defaultConfigurationIsVisible = 0;
			defaultConfigurationName = Release;
		};
		BC5F5065251EB68F00FAA100 /* Build configuration list for PBXNativeTarget "flixsterTests" */ = {
			isa = XCConfigurationList;
			buildConfigurations = (
				BC5F5066251EB68F00FAA100 /* Debug */,
				BC5F5067251EB68F00FAA100 /* Release */,
			);
			defaultConfigurationIsVisible = 0;
			defaultConfigurationName = Release;
		};
		BC5F5068251EB68F00FAA100 /* Build configuration list for PBXNativeTarget "flixsterUITests" */ = {
			isa = XCConfigurationList;
			buildConfigurations = (
				BC5F5069251EB68F00FAA100 /* Debug */,
				BC5F506A251EB68F00FAA100 /* Release */,
			);
			defaultConfigurationIsVisible = 0;
			defaultConfigurationName = Release;
		};
/* End XCConfigurationList section */
	};
	rootObject = BC5F5030251EB68C00FAA100 /* Project object */;
}
